
Microsoft Visual Studio Solution File, Format Version 12.00
# Visual Studio Version 17
VisualStudioVersion = 17.6.33815.320
MinimumVisualStudioVersion = 10.0.40219.1
Project("{FAE04EC0-301F-11D3-BF4B-00C04F79EFBC}") = "EvidencePojistenychWebAppASP", "EvidencePojistenychWebAppASP\EvidencePojistenychWebAppASP.csproj", "{055854CC-92F2-4B42-9B51-624453C99CD8}"
EndProject
Global
	GlobalSection(SolutionConfigurationPlatforms) = preSolution
		Debug|Any CPU = Debug|Any CPU
		Release|Any CPU = Release|Any CPU
	EndGlobalSection
	GlobalSection(ProjectConfigurationPlatforms) = postSolution
		{055854CC-92F2-4B42-9B51-624453C99CD8}.Debug|Any CPU.ActiveCfg = Debug|Any CPU
		{055854CC-92F2-4B42-9B51-624453C99CD8}.Debug|Any CPU.Build.0 = Debug|Any CPU
		{055854CC-92F2-4B42-9B51-624453C99CD8}.Release|Any CPU.ActiveCfg = Release|Any CPU
		{055854CC-92F2-4B42-9B51-624453C99CD8}.Release|Any CPU.Build.0 = Release|Any CPU
	EndGlobalSection
	GlobalSection(SolutionProperties) = preSolution
		HideSolutionNode = FALSE
	EndGlobalSection
	GlobalSection(ExtensibilityGlobals) = postSolution
		SolutionGuid = {F0421301-62B3-455E-800E-8C3488A7C1EB}
	EndGlobalSection
EndGlobal
